<?xml version="1.0" encoding="utf-8"?>
<Project ToolsVersion="4.0" xmlns="http://schemas.microsoft.com/developer/msbuild/2003">
  <ItemGroup>
    <Filter Include="Source Files">
      <UniqueIdentifier>{4FC737F1-C7A5-4376-A066-2A32D752A2FF}</UniqueIdentifier>
      <Extensions>cpp;c;cc;cxx;def;odl;idl;hpj;bat;asm;asmx</Extensions>
    </Filter>
    <Filter Include="Header Files">
      <UniqueIdentifier>{93995380-89BD-4b04-88EB-625FBE52EBFB}</UniqueIdentifier>
      <Extensions>h;hh;hpp;hxx;hm;inl;inc;xsd</Extensions>
    </Filter>
    <Filter Include="Resource Files">
      <UniqueIdentifier>{67DA6AB6-F800-4c08-8B7A-83BB121AAD01}</UniqueIdentifier>
      <Extensions>rc;ico;cur;bmp;dlg;rc2;rct;bin;rgs;gif;jpg;jpeg;jpe;resx;tiff;tif;png;wav;mfcribbon-ms</Extensions>
    </Filter>
    <Filter Include="Source Files\Menu System">
      <UniqueIdentifier>{b26dbc21-f832-42b8-8e38-2105a32f73db}</UniqueIdentifier>
    </Filter>
    <Filter Include="Source Files\IO Devices">
      <UniqueIdentifier>{fbd048ad-0de6-4833-81c1-3b09d531b9ee}</UniqueIdentifier>
    </Filter>
    <Filter Include="Source Files\General And Main">
      <UniqueIdentifier>{2db0d5c3-2c8d-49cd-a8e2-be82f7370ed0}</UniqueIdentifier>
    </Filter>
    <Filter Include="Source Files\Arduino">
      <UniqueIdentifier>{916d6f2f-c5d4-4774-8251-30e500c60851}</UniqueIdentifier>
    </Filter>
    <Filter Include="Header Files\IO Devices">
      <UniqueIdentifier>{d75949d9-e81d-40c0-b773-8d5d69baa2fb}</UniqueIdentifier>
    </Filter>
    <Filter Include="Header Files\General And Main">
      <UniqueIdentifier>{0012a915-f811-4e2c-8cd4-75570b58b083}</UniqueIdentifier>
    </Filter>
    <Filter Include="Header Files\Menu System">
      <UniqueIdentifier>{00500be0-5308-4b3a-bbff-5d40041fa414}</UniqueIdentifier>
    </Filter>
  </ItemGroup>
  <ItemGroup>
    <ClCompile Include="..\..\source code\Menu system\Brightness.cpp">
      <Filter>Source Files\Menu System</Filter>
    </ClCompile>
    <ClCompile Include="..\..\source code\Menu system\ChangePassword.cpp">
      <Filter>Source Files\Menu System</Filter>
    </ClCompile>
    <ClCompile Include="..\..\source code\Menu system\ComputerCommunicate.cpp">
      <Filter>Source Files\Menu System</Filter>
    </ClCompile>
    <ClCompile Include="..\..\source code\Menu system\ComputerControl.cpp">
      <Filter>Source Files\Menu System</Filter>
    </ClCompile>
    <ClCompile Include="..\..\source code\Menu system\FeedBack.cpp">
      <Filter>Source Files\Menu System</Filter>
    </ClCompile>
    <ClCompile Include="..\..\source code\Menu system\Games.cpp">
      <Filter>Source Files\Menu System</Filter>
    </ClCompile>
    <ClCompile Include="..\..\source code\Menu system\GeneralPage.cpp">
      <Filter>Source Files\Menu System</Filter>
    </ClCompile>
    <ClCompile Include="..\..\source code\Menu system\Hockey.cpp">
      <Filter>Source Files\Menu System</Filter>
    </ClCompile>
    <ClCompile Include="..\..\source code\Menu system\Keyboard.cpp">
      <Filter>Source Files\Menu System</Filter>
    </ClCompile>
    <ClCompile Include="..\..\source code\Menu system\Light.cpp">
      <Filter>Source Files\Menu System</Filter>
    </ClCompile>
    <ClCompile Include="..\..\source code\Menu system\LiveWallPaper.cpp">
      <Filter>Source Files\Menu System</Filter>
    </ClCompile>
    <ClCompile Include="..\..\source code\Menu system\Media.cpp">
      <Filter>Source Files\Menu System</Filter>
    </ClCompile>
    <ClCompile Include="..\..\source code\Menu system\Menu.cpp">
      <Filter>Source Files\Menu System</Filter>
    </ClCompile>
    <ClCompile Include="..\..\source code\Menu system\Mouse.cpp">
      <Filter>Source Files\Menu System</Filter>
    </ClCompile>
    <ClCompile Include="..\..\source code\Menu system\Movie.cpp">
      <Filter>Source Files\Menu System</Filter>
    </ClCompile>
    <ClCompile Include="..\..\source code\Menu system\Page.cpp">
      <Filter>Source Files\Menu System</Filter>
    </ClCompile>
    <ClCompile Include="..\..\source code\Menu system\Paint.cpp">
      <Filter>Source Files\Menu System</Filter>
    </ClCompile>
    <ClCompile Include="..\..\source code\Menu system\Password.cpp">
      <Filter>Source Files\Menu System</Filter>
    </ClCompile>
    <ClCompile Include="..\..\source code\Menu system\Picture.cpp">
      <Filter>Source Files\Menu System</Filter>
    </ClCompile>
    <ClCompile Include="..\..\source code\Menu system\PrintPic.cpp">
      <Filter>Source Files\Menu System</Filter>
    </ClCompile>
    <ClCompile Include="..\..\source code\Menu system\Sensitivity.cpp">
      <Filter>Source Files\Menu System</Filter>
    </ClCompile>
    <ClCompile Include="..\..\source code\Menu system\Settings.cpp">
      <Filter>Source Files\Menu System</Filter>
    </ClCompile>
    <ClCompile Include="..\..\source code\Menu system\SettingsFile.cpp">
      <Filter>Source Files\Menu System</Filter>
    </ClCompile>
    <ClCompile Include="..\..\source code\Menu system\Shortcut.cpp">
      <Filter>Source Files\Menu System</Filter>
    </ClCompile>
    <ClCompile Include="..\..\source code\Menu system\Snake.cpp">
      <Filter>Source Files\Menu System</Filter>
    </ClCompile>
    <ClCompile Include="..\..\source code\Menu system\WallPaper.cpp">
      <Filter>Source Files\Menu System</Filter>
    </ClCompile>
    <ClCompile Include="..\..\source code\IO devices\CommunicationProtocol.cpp">
      <Filter>Source Files\IO Devices</Filter>
    </ClCompile>
    <ClCompile Include="..\..\source code\IO devices\Screen.cpp">
      <Filter>Source Files\IO Devices</Filter>
    </ClCompile>
    <ClCompile Include="..\..\source code\IO devices\Sensor.cpp">
      <Filter>Source Files\IO Devices</Filter>
    </ClCompile>
    <ClCompile Include="..\..\source code\General and Main\EdditionalFunction.cpp">
      <Filter>Source Files\General And Main</Filter>
    </ClCompile>
    <ClCompile Include="..\..\source code\General and Main\Main.cpp">
      <Filter>Source Files\General And Main</Filter>
    </ClCompile>
    <ClCompile Include="..\..\source code\Arduino\LEDBoardControl.cpp">
      <Filter>Source Files\Arduino</Filter>
    </ClCompile>
    <ClCompile Include="..\..\source code\General and Main\exceptions.cpp">
      <Filter>Source Files\General And Main</Filter>
    </ClCompile>
  </ItemGroup>
  <ItemGroup>
    <ClInclude Include="..\..\source code\General and Main\EdditionalFunction.h">
      <Filter>Header Files\General And Main</Filter>
    </ClInclude>
    <ClInclude Include="..\..\source code\General and Main\General.h">
      <Filter>Header Files\General And Main</Filter>
    </ClInclude>
    <ClInclude Include="..\..\source code\General and Main\Main.h">
      <Filter>Header Files\General And Main</Filter>
    </ClInclude>
    <ClInclude Include="..\..\source code\IO devices\CommunicationProtocol.h">
      <Filter>Header Files\IO Devices</Filter>
    </ClInclude>
    <ClInclude Include="..\..\source code\IO devices\Screen.h">
      <Filter>Header Files\IO Devices</Filter>
    </ClInclude>
    <ClInclude Include="..\..\source code\IO devices\Sensor.h">
      <Filter>Header Files\IO Devices</Filter>
    </ClInclude>
    <ClInclude Include="..\..\source code\Menu system\Brightness.h">
      <Filter>Header Files\Menu System</Filter>
    </ClInclude>
    <ClInclude Include="..\..\source code\Menu system\ChangePassword.h">
      <Filter>Header Files\Menu System</Filter>
    </ClInclude>
    <ClInclude Include="..\..\source code\Menu system\ComputerCommunicate.h">
      <Filter>Header Files\Menu System</Filter>
    </ClInclude>
    <ClInclude Include="..\..\source code\Menu system\ComputerControl.h">
      <Filter>Header Files\Menu System</Filter>
    </ClInclude>
    <ClInclude Include="..\..\source code\Menu system\FeedBack.h">
      <Filter>Header Files\Menu System</Filter>
    </ClInclude>
    <ClInclude Include="..\..\source code\Menu system\Games.h">
      <Filter>Header Files\Menu System</Filter>
    </ClInclude>
    <ClInclude Include="..\..\source code\Menu system\GeneralPage.h">
      <Filter>Header Files\Menu System</Filter>
    </ClInclude>
    <ClInclude Include="..\..\source code\Menu system\Hockey.h">
      <Filter>Header Files\Menu System</Filter>
    </ClInclude>
    <ClInclude Include="..\..\source code\Menu system\Keyboard.h">
      <Filter>Header Files\Menu System</Filter>
    </ClInclude>
    <ClInclude Include="..\..\source code\Menu system\Light.h">
      <Filter>Header Files\Menu System</Filter>
    </ClInclude>
    <ClInclude Include="..\..\source code\Menu system\LiveWallPaper.h">
      <Filter>Header Files\Menu System</Filter>
    </ClInclude>
    <ClInclude Include="..\..\source code\Menu system\Media.h">
      <Filter>Header Files\Menu System</Filter>
    </ClInclude>
    <ClInclude Include="..\..\source code\Menu system\Menu.h">
      <Filter>Header Files\Menu System</Filter>
    </ClInclude>
    <ClInclude Include="..\..\source code\Menu system\Mouse.h">
      <Filter>Header Files\Menu System</Filter>
    </ClInclude>
    <ClInclude Include="..\..\source code\Menu system\Movie.h">
      <Filter>Header Files\Menu System</Filter>
    </ClInclude>
    <ClInclude Include="..\..\source code\Menu system\Page.h">
      <Filter>Header Files\Menu System</Filter>
    </ClInclude>
    <ClInclude Include="..\..\source code\Menu system\Paint.h">
      <Filter>Header Files\Menu System</Filter>
    </ClInclude>
    <ClInclude Include="..\..\source code\Menu system\Password.h">
      <Filter>Header Files\Menu System</Filter>
    </ClInclude>
    <ClInclude Include="..\..\source code\Menu system\Picture.h">
      <Filter>Header Files\Menu System</Filter>
    </ClInclude>
    <ClInclude Include="..\..\source code\Menu system\PrintPic.h">
      <Filter>Header Files\Menu System</Filter>
    </ClInclude>
    <ClInclude Include="..\..\source code\Menu system\Sensitivity.h">
      <Filter>Header Files\Menu System</Filter>
    </ClInclude>
    <ClInclude Include="..\..\source code\Menu system\Settings.h">
      <Filter>Header Files\Menu System</Filter>
    </ClInclude>
    <ClInclude Include="..\..\source code\Menu system\SettingsFile.h">
      <Filter>Header Files\Menu System</Filter>
    </ClInclude>
    <ClInclude Include="..\..\source code\Menu system\Shortcut.h">
      <Filter>Header Files\Menu System</Filter>
    </ClInclude>
    <ClInclude Include="..\..\source code\Menu system\Snake.h">
      <Filter>Header Files\Menu System</Filter>
    </ClInclude>
    <ClInclude Include="..\..\source code\Menu system\WallPaper.h">
      <Filter>Header Files\Menu System</Filter>
    </ClInclude>
    <ClInclude Include="..\..\source code\General and Main\PicturesPlaces.h">
      <Filter>Header Files\General And Main</Filter>
    </ClInclude>
    <ClInclude Include="..\..\source code\General and Main\exceptions.h">
      <Filter>Header Files\General And Main</Filter>
    </ClInclude>
  </ItemGroup>
</Project>